
Microsoft Visual Studio Solution File, Format Version 12.00
# Visual Studio Version 16
VisualStudioVersion = 16.0.30517.126
MinimumVisualStudioVersion = 10.0.40219.1
Project("{FAE04EC0-301F-11D3-BF4B-00C04F79EFBC}") = "Hackerrank", "Hackerrank.csproj", "{825246A0-9CD0-4A11-8643-2865AB612E00}"
EndProject
Project("{FAE04EC0-301F-11D3-BF4B-00C04F79EFBC}") = "BirthdayCakeCandles", "..\BirthdayCakeCandles\BirthdayCakeCandles.csproj", "{2442A5FF-CEC5-43C4-92E2-FBA51D4D69AF}"
EndProject
Project("{FAE04EC0-301F-11D3-BF4B-00C04F79EFBC}") = "Day3hackerankconditional", "..\Day3hackerankconditional\Day3hackerankconditional.csproj", "{AD9CF8B4-857D-4EB9-9B98-5F8E8D707B92}"
EndProject
Project("{FAE04EC0-301F-11D3-BF4B-00C04F79EFBC}") = "Day4hackerrankClassInstance", "..\Day4hackerrankClassInstance\Day4hackerrankClassInstance.csproj", "{CDFAA46B-E48E-4A9C-8E3D-27D22FCDBF5F}"
EndProject
Project("{FAE04EC0-301F-11D3-BF4B-00C04F79EFBC}") = "Day6hackerankreview", "..\Day6hackerankreview\Day6hackerankreview.csproj", "{DAA15290-13E8-45E0-8524-9A60355C040B}"
EndProject
Project("{FAE04EC0-301F-11D3-BF4B-00C04F79EFBC}") = "Day7hackerankArrays", "..\Day7hackerankArrays\Day7hackerankArrays.csproj", "{769503CF-1532-47EE-B1A6-F0E86708FCDD}"
EndProject
Project("{FAE04EC0-301F-11D3-BF4B-00C04F79EFBC}") = "Day8HackerankDictionariesMap", "..\Day8HackerankDictionariesMap\Day8HackerankDictionariesMap.csproj", "{1B5C85E1-B55A-4BA4-9D4E-4411B2F72616}"
EndProject
Project("{FAE04EC0-301F-11D3-BF4B-00C04F79EFBC}") = "Day9RecursionHackerank", "..\Day8RecursionHackerank\Day9RecursionHackerank.csproj", "{14057588-2DE6-4D12-A1D8-EB616324BAEF}"
EndProject
Project("{FAE04EC0-301F-11D3-BF4B-00C04F79EFBC}") = "FindDigitsHackerrank", "..\FindDigitsHackerrank\FindDigitsHackerrank.csproj", "{C816EA5D-F8D7-4E2A-A298-197FA0FB5FE7}"
EndProject
Project("{FAE04EC0-301F-11D3-BF4B-00C04F79EFBC}") = "HackerrankfizzBuss", "..\HackerrankfizzBuss\HackerrankfizzBuss.csproj", "{E4321302-5A1A-4275-90EB-3A5F20673C91}"
EndProject
Project("{FAE04EC0-301F-11D3-BF4B-00C04F79EFBC}") = "HackerrankMoreLinkedLists", "..\HackerrankMoreLinkedLists\HackerrankMoreLinkedLists.csproj", "{9289B547-F3AF-41DE-B06D-EF39DD59AEAF}"
EndProject
Project("{FAE04EC0-301F-11D3-BF4B-00C04F79EFBC}") = "HackerrankSherlockAndSquares", "..\HackerrankSherlockAndSquares\HackerrankSherlockAndSquares.csproj", "{07C16294-FE8B-4370-AC29-B95CE530A7BF}"
EndProject
Project("{FAE04EC0-301F-11D3-BF4B-00C04F79EFBC}") = "HundleRaceHackerank", "..\HundleRaceHackerank\HundleRaceHackerank.csproj", "{EEE4C022-FA7D-4560-A8C7-15C1AF1C2EB9}"
EndProject
Project("{FAE04EC0-301F-11D3-BF4B-00C04F79EFBC}") = "Markandtoys", "..\Markandtoys\Markandtoys.csproj", "{3C04B39F-8A36-42CC-9A3E-55F7037E7798}"
EndProject
Project("{FAE04EC0-301F-11D3-BF4B-00C04F79EFBC}") = "MiniumElementHackerank", "..\MiniumElementHackerank\MiniumElementHackerank.csproj", "{322C293F-D956-4215-92CD-26F49F02128F}"
EndProject
Project("{FAE04EC0-301F-11D3-BF4B-00C04F79EFBC}") = "HackerrankChocolateFeast", "..\HackerrankChocolateFeast\HackerrankChocolateFeast.csproj", "{DC187BE7-9A92-49E7-8654-1D882082C9D7}"
EndProject
Project("{FAE04EC0-301F-11D3-BF4B-00C04F79EFBC}") = "HackerrankClimbingTheLeaderBoard", "..\HackerrankClimbingTheLeaderBoard\HackerrankClimbingTheLeaderBoard.csproj", "{BC51EAF3-79C8-447E-9AD2-74DD87DC47D8}"
EndProject
Project("{FAE04EC0-301F-11D3-BF4B-00C04F79EFBC}") = "HackerrankCutSticks", "..\HackerrankCutSticks\HackerrankCutSticks.csproj", "{44302AAD-19BA-4497-9550-727745DBEDDD}"
EndProject
Project("{FAE04EC0-301F-11D3-BF4B-00C04F79EFBC}") = "AbsoluteValueSort", "..\AbsoluteValueSort\AbsoluteValueSort.csproj", "{DA85F2A0-4C3A-4AFD-A7D2-8C676951CF67}"
EndProject
Project("{FAE04EC0-301F-11D3-BF4B-00C04F79EFBC}") = "CaesarCipher", "..\CaesarCipher\CaesarCipher.csproj", "{49ED455B-9D72-4EE3-A7CA-7EF20790651F}"
EndProject
Project("{FAE04EC0-301F-11D3-BF4B-00C04F79EFBC}") = "MarsExploration", "..\MarsExploration\MarsExploration.csproj", "{66548B2D-5623-48A3-8C6E-3859C57E47A5}"
EndProject
Project("{FAE04EC0-301F-11D3-BF4B-00C04F79EFBC}") = "HackerRankinaString", "..\HackerRankinaString\HackerRankinaString.csproj", "{8673387D-DD83-4DC1-BCD2-B1C52C93CB1F}"
EndProject
Project("{FAE04EC0-301F-11D3-BF4B-00C04F79EFBC}") = "Pangrams", "..\Pangrams\Pangrams.csproj", "{D8F7DC50-7949-4972-8105-2A58574E081F}"
EndProject
Project("{FAE04EC0-301F-11D3-BF4B-00C04F79EFBC}") = "FindThePoints", "..\FindThePoints\FindThePoints.csproj", "{9AAAA446-0510-48F7-B9AD-03F0E8275F0A}"
EndProject
Project("{FAE04EC0-301F-11D3-BF4B-00C04F79EFBC}") = "ExtraLongFactorials", "..\ExtraLongFactorials\ExtraLongFactorials.csproj", "{8D1615C2-D6AA-40CF-BA9F-79838B1A263F}"
EndProject
Project("{FAE04EC0-301F-11D3-BF4B-00C04F79EFBC}") = "Non-divisibleSubset", "..\Non-divisibleSubset\Non-divisibleSubset.csproj", "{738DB2E7-24BF-4DE4-895A-AA2044419BBE}"
EndProject
Project("{FAE04EC0-301F-11D3-BF4B-00C04F79EFBC}") = "Restaurant", "..\Restaurant\Restaurant.csproj", "{7978A6C7-58F1-4427-88DE-F7575CE77625}"
EndProject
Project("{FAE04EC0-301F-11D3-BF4B-00C04F79EFBC}") = "ModifiedKaprekarNumbers", "..\ModifiedKaprekarNumbers\ModifiedKaprekarNumbers.csproj", "{32272751-722F-4667-9C3B-71350707A69C}"
EndProject
Project("{FAE04EC0-301F-11D3-BF4B-00C04F79EFBC}") = "ReverseGame", "..\ReverseGame\ReverseGame.csproj", "{5428AD9F-AA0D-480D-B401-C0006BDE2BBD}"
EndProject
Project("{FAE04EC0-301F-11D3-BF4B-00C04F79EFBC}") = "MaximumDraws", "..\MaximumDraws\MaximumDraws.csproj", "{B5541411-B3A7-498B-8565-5FF70252ECDF}"
EndProject
Project("{FAE04EC0-301F-11D3-BF4B-00C04F79EFBC}") = "ArmyGame", "..\ArmyGame\ArmyGame.csproj", "{17D915AC-01BC-409D-A47D-0459D53E9EEE}"
EndProject
Project("{FAE04EC0-301F-11D3-BF4B-00C04F79EFBC}") = "CuttingPaperSquares", "..\CuttingPaperSquares\CuttingPaperSquares.csproj", "{504DE8D9-27D3-4B6A-86F2-4007E9737240}"
EndProject
Project("{FAE04EC0-301F-11D3-BF4B-00C04F79EFBC}") = "Leonardo'sPrimeFactors", "..\Leonardo'sPrimeFactors\Leonardo'sPrimeFactors.csproj", "{0B49714B-6814-4D73-BB15-8008DB91A0CA}"
EndProject
Project("{FAE04EC0-301F-11D3-BF4B-00C04F79EFBC}") = "DayoftheProgrammer", "..\DayoftheProgrammer\DayoftheProgrammer.csproj", "{76E7E055-D04A-4D0B-883E-C3114B78FE91}"
EndProject
Project("{FAE04EC0-301F-11D3-BF4B-00C04F79EFBC}") = "ACMICPCTeam", "..\ACMICPCTeam\ACMICPCTeam.csproj", "{80672D76-32F4-4D5B-8099-49278225EDBD}"
EndProject
Project("{FAE04EC0-301F-11D3-BF4B-00C04F79EFBC}") = "SalesbyMatch", "..\SalesbyMatch\SalesbyMatch.csproj", "{95C44FAD-1F0B-43A7-9FE8-BEF616108B1B}"
EndProject
Project("{FAE04EC0-301F-11D3-BF4B-00C04F79EFBC}") = "CountingValleys", "..\CountingValleys\CountingValleys.csproj", "{24E394DA-0F7D-48CC-8947-25785F2955EC}"
EndProject
Project("{FAE04EC0-301F-11D3-BF4B-00C04F79EFBC}") = "DivisibleSumPairs", "..\DivisibleSumPairs\DivisibleSumPairs.csproj", "{9EFE124E-1BF7-4309-A942-EE10594FE490}"
EndProject
Project("{FAE04EC0-301F-11D3-BF4B-00C04F79EFBC}") = "ElectronicsShop", "..\ElectronicsShop\ElectronicsShop.csproj", "{756D7884-8BC4-4B31-8AC6-DCC90DF4A9DB}"
EndProject
Project("{FAE04EC0-301F-11D3-BF4B-00C04F79EFBC}") = "MigratoryBirds", "..\MigratoryBirds\MigratoryBirds.csproj", "{B8E5B6E2-DD59-4005-9C82-E66ADE92A387}"
EndProject
Project("{FAE04EC0-301F-11D3-BF4B-00C04F79EFBC}") = "SubarrayDivision", "..\SubarrayDivision\SubarrayDivision.csproj", "{5B09FD78-BBAE-4280-B6CA-C3C817B604AB}"
EndProject
Project("{FAE04EC0-301F-11D3-BF4B-00C04F79EFBC}") = "Parralel", "..\Parralel\Parralel.csproj", "{A3179205-7FDF-40BF-8C9F-64BC19AB1875}"
EndProject
Project("{FAE04EC0-301F-11D3-BF4B-00C04F79EFBC}") = "LongestSubarray", "..\LongestSubarray\LongestSubarray.csproj", "{35454CFE-58E2-44EF-9B62-7B042377841A}"
EndProject
Project("{FAE04EC0-301F-11D3-BF4B-00C04F79EFBC}") = "IntrotoDatabases", "..\IntrotoDatabases\IntrotoDatabases.csproj", "{D464A32D-A059-4C6D-8F30-9EE3439092C4}"
EndProject
Project("{FAE04EC0-301F-11D3-BF4B-00C04F79EFBC}") = "BetweenTwoSets", "..\BetweenTwoSets\BetweenTwoSets.csproj", "{48264064-3FE0-4738-B708-67D6487A12FD}"
EndProject
Project("{FAE04EC0-301F-11D3-BF4B-00C04F79EFBC}") = "SuperReducedString", "..\SuperReducedString\SuperReducedString.csproj", "{60DB0D04-E8DF-4096-9F94-E365581BE66A}"
EndProject
Project("{FAE04EC0-301F-11D3-BF4B-00C04F79EFBC}") = "CamelCase", "..\CamelCase\CamelCase.csproj", "{66D89000-D8E0-44FB-AE13-E9F813C31A40}"
EndProject
Project("{FAE04EC0-301F-11D3-BF4B-00C04F79EFBC}") = "TwoCharacters", "..\TwoCharacters\TwoCharacters.csproj", "{F89D6C89-0A12-48E8-A76F-DDB1576A589F}"
EndProject
Project("{FAE04EC0-301F-11D3-BF4B-00C04F79EFBC}") = "PalindromeIndex", "..\PalindromeIndex\PalindromeIndex.csproj", "{53AF4FDC-5660-4AA1-AB55-9D34C9DDEE84}"
EndProject
Project("{FAE04EC0-301F-11D3-BF4B-00C04F79EFBC}") = "FunnyString", "..\FunnyString\FunnyString.csproj", "{C5BCA9A9-9BDC-4AA1-B3FB-586B53A8040C}"
EndProject
Project("{FAE04EC0-301F-11D3-BF4B-00C04F79EFBC}") = "JumpingontheClouds", "..\JumpingontheClouds\JumpingontheClouds.csproj", "{90A8D7C1-296F-4B20-8539-0B08FE49B5AF}"
EndProject
Project("{FAE04EC0-301F-11D3-BF4B-00C04F79EFBC}") = "EqualizetheArray", "..\EqualizetheArray\EqualizetheArray.csproj", "{56E7372F-FC76-4CF6-8300-EB869A45F138}"
EndProject
Project("{FAE04EC0-301F-11D3-BF4B-00C04F79EFBC}") = "PairWithTwoPointers", "..\PairWithTwoPointers\PairWithTwoPointers.csproj", "{28129925-DF85-4E50-B5D8-7A7493711987}"
EndProject
Project("{FAE04EC0-301F-11D3-BF4B-00C04F79EFBC}") = "Day12Inheritance", "..\Day12Inheritance\Day12Inheritance.csproj", "{57FA6D8B-018B-4176-8970-F8CAC6B808CF}"
EndProject
Project("{FAE04EC0-301F-11D3-BF4B-00C04F79EFBC}") = "ArraySum", "..\ArraySum\ArraySum.csproj", "{59789625-12B3-4F20-9185-5F1D3C4948F8}"
EndProject
Project("{FAE04EC0-301F-11D3-BF4B-00C04F79EFBC}") = "IntrotoTutorialChallenges", "..\IntrotoTutorialChallenges\IntrotoTutorialChallenges.csproj", "{EA75F24F-4EC4-4B8B-9607-983498DA87A8}"
EndProject
Project("{FAE04EC0-301F-11D3-BF4B-00C04F79EFBC}") = "RepeatedString", "..\RepeatedString\RepeatedString.csproj", "{0B30F3F9-9186-431C-90CC-D67B10318200}"
EndProject
Project("{FAE04EC0-301F-11D3-BF4B-00C04F79EFBC}") = "InsertionSortPart1", "..\InsertionSortPart1\InsertionSortPart1.csproj", "{CA61B430-8D5C-4D19-980A-3F4032B5187B}"
EndProject
Global
	GlobalSection(SolutionConfigurationPlatforms) = preSolution
		Debug|Any CPU = Debug|Any CPU
		Release|Any CPU = Release|Any CPU
	EndGlobalSection
	GlobalSection(ProjectConfigurationPlatforms) = postSolution
		{825246A0-9CD0-4A11-8643-2865AB612E00}.Debug|Any CPU.ActiveCfg = Debug|Any CPU
		{825246A0-9CD0-4A11-8643-2865AB612E00}.Debug|Any CPU.Build.0 = Debug|Any CPU
		{825246A0-9CD0-4A11-8643-2865AB612E00}.Release|Any CPU.ActiveCfg = Release|Any CPU
		{825246A0-9CD0-4A11-8643-2865AB612E00}.Release|Any CPU.Build.0 = Release|Any CPU
		{2442A5FF-CEC5-43C4-92E2-FBA51D4D69AF}.Debug|Any CPU.ActiveCfg = Debug|Any CPU
		{2442A5FF-CEC5-43C4-92E2-FBA51D4D69AF}.Debug|Any CPU.Build.0 = Debug|Any CPU
		{2442A5FF-CEC5-43C4-92E2-FBA51D4D69AF}.Release|Any CPU.ActiveCfg = Release|Any CPU
		{2442A5FF-CEC5-43C4-92E2-FBA51D4D69AF}.Release|Any CPU.Build.0 = Release|Any CPU
		{AD9CF8B4-857D-4EB9-9B98-5F8E8D707B92}.Debug|Any CPU.ActiveCfg = Debug|Any CPU
		{AD9CF8B4-857D-4EB9-9B98-5F8E8D707B92}.Debug|Any CPU.Build.0 = Debug|Any CPU
		{AD9CF8B4-857D-4EB9-9B98-5F8E8D707B92}.Release|Any CPU.ActiveCfg = Release|Any CPU
		{AD9CF8B4-857D-4EB9-9B98-5F8E8D707B92}.Release|Any CPU.Build.0 = Release|Any CPU
		{CDFAA46B-E48E-4A9C-8E3D-27D22FCDBF5F}.Debug|Any CPU.ActiveCfg = Debug|Any CPU
		{CDFAA46B-E48E-4A9C-8E3D-27D22FCDBF5F}.Debug|Any CPU.Build.0 = Debug|Any CPU
		{CDFAA46B-E48E-4A9C-8E3D-27D22FCDBF5F}.Release|Any CPU.ActiveCfg = Release|Any CPU
		{CDFAA46B-E48E-4A9C-8E3D-27D22FCDBF5F}.Release|Any CPU.Build.0 = Release|Any CPU
		{DAA15290-13E8-45E0-8524-9A60355C040B}.Debug|Any CPU.ActiveCfg = Debug|Any CPU
		{DAA15290-13E8-45E0-8524-9A60355C040B}.Debug|Any CPU.Build.0 = Debug|Any CPU
		{DAA15290-13E8-45E0-8524-9A60355C040B}.Release|Any CPU.ActiveCfg = Release|Any CPU
		{DAA15290-13E8-45E0-8524-9A60355C040B}.Release|Any CPU.Build.0 = Release|Any CPU
		{769503CF-1532-47EE-B1A6-F0E86708FCDD}.Debug|Any CPU.ActiveCfg = Debug|Any CPU
		{769503CF-1532-47EE-B1A6-F0E86708FCDD}.Debug|Any CPU.Build.0 = Debug|Any CPU
		{769503CF-1532-47EE-B1A6-F0E86708FCDD}.Release|Any CPU.ActiveCfg = Release|Any CPU
		{769503CF-1532-47EE-B1A6-F0E86708FCDD}.Release|Any CPU.Build.0 = Release|Any CPU
		{1B5C85E1-B55A-4BA4-9D4E-4411B2F72616}.Debug|Any CPU.ActiveCfg = Debug|Any CPU
		{1B5C85E1-B55A-4BA4-9D4E-4411B2F72616}.Debug|Any CPU.Build.0 = Debug|Any CPU
		{1B5C85E1-B55A-4BA4-9D4E-4411B2F72616}.Release|Any CPU.ActiveCfg = Release|Any CPU
		{1B5C85E1-B55A-4BA4-9D4E-4411B2F72616}.Release|Any CPU.Build.0 = Release|Any CPU
		{14057588-2DE6-4D12-A1D8-EB616324BAEF}.Debug|Any CPU.ActiveCfg = Debug|Any CPU
		{14057588-2DE6-4D12-A1D8-EB616324BAEF}.Debug|Any CPU.Build.0 = Debug|Any CPU
		{14057588-2DE6-4D12-A1D8-EB616324BAEF}.Release|Any CPU.ActiveCfg = Release|Any CPU
		{14057588-2DE6-4D12-A1D8-EB616324BAEF}.Release|Any CPU.Build.0 = Release|Any CPU
		{C816EA5D-F8D7-4E2A-A298-197FA0FB5FE7}.Debug|Any CPU.ActiveCfg = Debug|Any CPU
		{C816EA5D-F8D7-4E2A-A298-197FA0FB5FE7}.Debug|Any CPU.Build.0 = Debug|Any CPU
		{C816EA5D-F8D7-4E2A-A298-197FA0FB5FE7}.Release|Any CPU.ActiveCfg = Release|Any CPU
		{C816EA5D-F8D7-4E2A-A298-197FA0FB5FE7}.Release|Any CPU.Build.0 = Release|Any CPU
		{E4321302-5A1A-4275-90EB-3A5F20673C91}.Debug|Any CPU.ActiveCfg = Debug|Any CPU
		{E4321302-5A1A-4275-90EB-3A5F20673C91}.Debug|Any CPU.Build.0 = Debug|Any CPU
		{E4321302-5A1A-4275-90EB-3A5F20673C91}.Release|Any CPU.ActiveCfg = Release|Any CPU
		{E4321302-5A1A-4275-90EB-3A5F20673C91}.Release|Any CPU.Build.0 = Release|Any CPU
		{9289B547-F3AF-41DE-B06D-EF39DD59AEAF}.Debug|Any CPU.ActiveCfg = Debug|Any CPU
		{9289B547-F3AF-41DE-B06D-EF39DD59AEAF}.Debug|Any CPU.Build.0 = Debug|Any CPU
		{9289B547-F3AF-41DE-B06D-EF39DD59AEAF}.Release|Any CPU.ActiveCfg = Release|Any CPU
		{9289B547-F3AF-41DE-B06D-EF39DD59AEAF}.Release|Any CPU.Build.0 = Release|Any CPU
		{07C16294-FE8B-4370-AC29-B95CE530A7BF}.Debug|Any CPU.ActiveCfg = Debug|Any CPU
		{07C16294-FE8B-4370-AC29-B95CE530A7BF}.Debug|Any CPU.Build.0 = Debug|Any CPU
		{07C16294-FE8B-4370-AC29-B95CE530A7BF}.Release|Any CPU.ActiveCfg = Release|Any CPU
		{07C16294-FE8B-4370-AC29-B95CE530A7BF}.Release|Any CPU.Build.0 = Release|Any CPU
		{EEE4C022-FA7D-4560-A8C7-15C1AF1C2EB9}.Debug|Any CPU.ActiveCfg = Debug|Any CPU
		{EEE4C022-FA7D-4560-A8C7-15C1AF1C2EB9}.Debug|Any CPU.Build.0 = Debug|Any CPU
		{EEE4C022-FA7D-4560-A8C7-15C1AF1C2EB9}.Release|Any CPU.ActiveCfg = Release|Any CPU
		{EEE4C022-FA7D-4560-A8C7-15C1AF1C2EB9}.Release|Any CPU.Build.0 = Release|Any CPU
		{3C04B39F-8A36-42CC-9A3E-55F7037E7798}.Debug|Any CPU.ActiveCfg = Debug|Any CPU
		{3C04B39F-8A36-42CC-9A3E-55F7037E7798}.Debug|Any CPU.Build.0 = Debug|Any CPU
		{3C04B39F-8A36-42CC-9A3E-55F7037E7798}.Release|Any CPU.ActiveCfg = Release|Any CPU
		{3C04B39F-8A36-42CC-9A3E-55F7037E7798}.Release|Any CPU.Build.0 = Release|Any CPU
		{322C293F-D956-4215-92CD-26F49F02128F}.Debug|Any CPU.ActiveCfg = Debug|Any CPU
		{322C293F-D956-4215-92CD-26F49F02128F}.Debug|Any CPU.Build.0 = Debug|Any CPU
		{322C293F-D956-4215-92CD-26F49F02128F}.Release|Any CPU.ActiveCfg = Release|Any CPU
		{322C293F-D956-4215-92CD-26F49F02128F}.Release|Any CPU.Build.0 = Release|Any CPU
		{DC187BE7-9A92-49E7-8654-1D882082C9D7}.Debug|Any CPU.ActiveCfg = Debug|Any CPU
		{DC187BE7-9A92-49E7-8654-1D882082C9D7}.Debug|Any CPU.Build.0 = Debug|Any CPU
		{DC187BE7-9A92-49E7-8654-1D882082C9D7}.Release|Any CPU.ActiveCfg = Release|Any CPU
		{DC187BE7-9A92-49E7-8654-1D882082C9D7}.Release|Any CPU.Build.0 = Release|Any CPU
		{BC51EAF3-79C8-447E-9AD2-74DD87DC47D8}.Debug|Any CPU.ActiveCfg = Debug|Any CPU
		{BC51EAF3-79C8-447E-9AD2-74DD87DC47D8}.Debug|Any CPU.Build.0 = Debug|Any CPU
		{BC51EAF3-79C8-447E-9AD2-74DD87DC47D8}.Release|Any CPU.ActiveCfg = Release|Any CPU
		{BC51EAF3-79C8-447E-9AD2-74DD87DC47D8}.Release|Any CPU.Build.0 = Release|Any CPU
		{44302AAD-19BA-4497-9550-727745DBEDDD}.Debug|Any CPU.ActiveCfg = Debug|Any CPU
		{44302AAD-19BA-4497-9550-727745DBEDDD}.Debug|Any CPU.Build.0 = Debug|Any CPU
		{44302AAD-19BA-4497-9550-727745DBEDDD}.Release|Any CPU.ActiveCfg = Release|Any CPU
		{44302AAD-19BA-4497-9550-727745DBEDDD}.Release|Any CPU.Build.0 = Release|Any CPU
		{DA85F2A0-4C3A-4AFD-A7D2-8C676951CF67}.Debug|Any CPU.ActiveCfg = Debug|Any CPU
		{DA85F2A0-4C3A-4AFD-A7D2-8C676951CF67}.Debug|Any CPU.Build.0 = Debug|Any CPU
		{DA85F2A0-4C3A-4AFD-A7D2-8C676951CF67}.Release|Any CPU.ActiveCfg = Release|Any CPU
		{DA85F2A0-4C3A-4AFD-A7D2-8C676951CF67}.Release|Any CPU.Build.0 = Release|Any CPU
		{49ED455B-9D72-4EE3-A7CA-7EF20790651F}.Debug|Any CPU.ActiveCfg = Debug|Any CPU
		{49ED455B-9D72-4EE3-A7CA-7EF20790651F}.Debug|Any CPU.Build.0 = Debug|Any CPU
		{49ED455B-9D72-4EE3-A7CA-7EF20790651F}.Release|Any CPU.ActiveCfg = Release|Any CPU
		{49ED455B-9D72-4EE3-A7CA-7EF20790651F}.Release|Any CPU.Build.0 = Release|Any CPU
		{66548B2D-5623-48A3-8C6E-3859C57E47A5}.Debug|Any CPU.ActiveCfg = Debug|Any CPU
		{66548B2D-5623-48A3-8C6E-3859C57E47A5}.Debug|Any CPU.Build.0 = Debug|Any CPU
		{66548B2D-5623-48A3-8C6E-3859C57E47A5}.Release|Any CPU.ActiveCfg = Release|Any CPU
		{66548B2D-5623-48A3-8C6E-3859C57E47A5}.Release|Any CPU.Build.0 = Release|Any CPU
		{8673387D-DD83-4DC1-BCD2-B1C52C93CB1F}.Debug|Any CPU.ActiveCfg = Debug|Any CPU
		{8673387D-DD83-4DC1-BCD2-B1C52C93CB1F}.Debug|Any CPU.Build.0 = Debug|Any CPU
		{8673387D-DD83-4DC1-BCD2-B1C52C93CB1F}.Release|Any CPU.ActiveCfg = Release|Any CPU
		{8673387D-DD83-4DC1-BCD2-B1C52C93CB1F}.Release|Any CPU.Build.0 = Release|Any CPU
		{D8F7DC50-7949-4972-8105-2A58574E081F}.Debug|Any CPU.ActiveCfg = Debug|Any CPU
		{D8F7DC50-7949-4972-8105-2A58574E081F}.Debug|Any CPU.Build.0 = Debug|Any CPU
		{D8F7DC50-7949-4972-8105-2A58574E081F}.Release|Any CPU.ActiveCfg = Release|Any CPU
		{D8F7DC50-7949-4972-8105-2A58574E081F}.Release|Any CPU.Build.0 = Release|Any CPU
		{9AAAA446-0510-48F7-B9AD-03F0E8275F0A}.Debug|Any CPU.ActiveCfg = Debug|Any CPU
		{9AAAA446-0510-48F7-B9AD-03F0E8275F0A}.Debug|Any CPU.Build.0 = Debug|Any CPU
		{9AAAA446-0510-48F7-B9AD-03F0E8275F0A}.Release|Any CPU.ActiveCfg = Release|Any CPU
		{9AAAA446-0510-48F7-B9AD-03F0E8275F0A}.Release|Any CPU.Build.0 = Release|Any CPU
		{8D1615C2-D6AA-40CF-BA9F-79838B1A263F}.Debug|Any CPU.ActiveCfg = Debug|Any CPU
		{8D1615C2-D6AA-40CF-BA9F-79838B1A263F}.Debug|Any CPU.Build.0 = Debug|Any CPU
		{8D1615C2-D6AA-40CF-BA9F-79838B1A263F}.Release|Any CPU.ActiveCfg = Release|Any CPU
		{8D1615C2-D6AA-40CF-BA9F-79838B1A263F}.Release|Any CPU.Build.0 = Release|Any CPU
		{738DB2E7-24BF-4DE4-895A-AA2044419BBE}.Debug|Any CPU.ActiveCfg = Debug|Any CPU
		{738DB2E7-24BF-4DE4-895A-AA2044419BBE}.Debug|Any CPU.Build.0 = Debug|Any CPU
		{738DB2E7-24BF-4DE4-895A-AA2044419BBE}.Release|Any CPU.ActiveCfg = Release|Any CPU
		{738DB2E7-24BF-4DE4-895A-AA2044419BBE}.Release|Any CPU.Build.0 = Release|Any CPU
		{7978A6C7-58F1-4427-88DE-F7575CE77625}.Debug|Any CPU.ActiveCfg = Debug|Any CPU
		{7978A6C7-58F1-4427-88DE-F7575CE77625}.Debug|Any CPU.Build.0 = Debug|Any CPU
		{7978A6C7-58F1-4427-88DE-F7575CE77625}.Release|Any CPU.ActiveCfg = Release|Any CPU
		{7978A6C7-58F1-4427-88DE-F7575CE77625}.Release|Any CPU.Build.0 = Release|Any CPU
		{32272751-722F-4667-9C3B-71350707A69C}.Debug|Any CPU.ActiveCfg = Debug|Any CPU
		{32272751-722F-4667-9C3B-71350707A69C}.Debug|Any CPU.Build.0 = Debug|Any CPU
		{32272751-722F-4667-9C3B-71350707A69C}.Release|Any CPU.ActiveCfg = Release|Any CPU
		{32272751-722F-4667-9C3B-71350707A69C}.Release|Any CPU.Build.0 = Release|Any CPU
		{5428AD9F-AA0D-480D-B401-C0006BDE2BBD}.Debug|Any CPU.ActiveCfg = Debug|Any CPU
		{5428AD9F-AA0D-480D-B401-C0006BDE2BBD}.Debug|Any CPU.Build.0 = Debug|Any CPU
		{5428AD9F-AA0D-480D-B401-C0006BDE2BBD}.Release|Any CPU.ActiveCfg = Release|Any CPU
		{5428AD9F-AA0D-480D-B401-C0006BDE2BBD}.Release|Any CPU.Build.0 = Release|Any CPU
		{B5541411-B3A7-498B-8565-5FF70252ECDF}.Debug|Any CPU.ActiveCfg = Debug|Any CPU
		{B5541411-B3A7-498B-8565-5FF70252ECDF}.Debug|Any CPU.Build.0 = Debug|Any CPU
		{B5541411-B3A7-498B-8565-5FF70252ECDF}.Release|Any CPU.ActiveCfg = Release|Any CPU
		{B5541411-B3A7-498B-8565-5FF70252ECDF}.Release|Any CPU.Build.0 = Release|Any CPU
		{17D915AC-01BC-409D-A47D-0459D53E9EEE}.Debug|Any CPU.ActiveCfg = Debug|Any CPU
		{17D915AC-01BC-409D-A47D-0459D53E9EEE}.Debug|Any CPU.Build.0 = Debug|Any CPU
		{17D915AC-01BC-409D-A47D-0459D53E9EEE}.Release|Any CPU.ActiveCfg = Release|Any CPU
		{17D915AC-01BC-409D-A47D-0459D53E9EEE}.Release|Any CPU.Build.0 = Release|Any CPU
		{504DE8D9-27D3-4B6A-86F2-4007E9737240}.Debug|Any CPU.ActiveCfg = Debug|Any CPU
		{504DE8D9-27D3-4B6A-86F2-4007E9737240}.Debug|Any CPU.Build.0 = Debug|Any CPU
		{504DE8D9-27D3-4B6A-86F2-4007E9737240}.Release|Any CPU.ActiveCfg = Release|Any CPU
		{504DE8D9-27D3-4B6A-86F2-4007E9737240}.Release|Any CPU.Build.0 = Release|Any CPU
		{0B49714B-6814-4D73-BB15-8008DB91A0CA}.Debug|Any CPU.ActiveCfg = Debug|Any CPU
		{0B49714B-6814-4D73-BB15-8008DB91A0CA}.Debug|Any CPU.Build.0 = Debug|Any CPU
		{0B49714B-6814-4D73-BB15-8008DB91A0CA}.Release|Any CPU.ActiveCfg = Release|Any CPU
		{0B49714B-6814-4D73-BB15-8008DB91A0CA}.Release|Any CPU.Build.0 = Release|Any CPU
		{76E7E055-D04A-4D0B-883E-C3114B78FE91}.Debug|Any CPU.ActiveCfg = Debug|Any CPU
		{76E7E055-D04A-4D0B-883E-C3114B78FE91}.Debug|Any CPU.Build.0 = Debug|Any CPU
		{76E7E055-D04A-4D0B-883E-C3114B78FE91}.Release|Any CPU.ActiveCfg = Release|Any CPU
		{76E7E055-D04A-4D0B-883E-C3114B78FE91}.Release|Any CPU.Build.0 = Release|Any CPU
		{80672D76-32F4-4D5B-8099-49278225EDBD}.Debug|Any CPU.ActiveCfg = Debug|Any CPU
		{80672D76-32F4-4D5B-8099-49278225EDBD}.Debug|Any CPU.Build.0 = Debug|Any CPU
		{80672D76-32F4-4D5B-8099-49278225EDBD}.Release|Any CPU.ActiveCfg = Release|Any CPU
		{80672D76-32F4-4D5B-8099-49278225EDBD}.Release|Any CPU.Build.0 = Release|Any CPU
		{95C44FAD-1F0B-43A7-9FE8-BEF616108B1B}.Debug|Any CPU.ActiveCfg = Debug|Any CPU
		{95C44FAD-1F0B-43A7-9FE8-BEF616108B1B}.Debug|Any CPU.Build.0 = Debug|Any CPU
		{95C44FAD-1F0B-43A7-9FE8-BEF616108B1B}.Release|Any CPU.ActiveCfg = Release|Any CPU
		{95C44FAD-1F0B-43A7-9FE8-BEF616108B1B}.Release|Any CPU.Build.0 = Release|Any CPU
		{24E394DA-0F7D-48CC-8947-25785F2955EC}.Debug|Any CPU.ActiveCfg = Debug|Any CPU
		{24E394DA-0F7D-48CC-8947-25785F2955EC}.Debug|Any CPU.Build.0 = Debug|Any CPU
		{24E394DA-0F7D-48CC-8947-25785F2955EC}.Release|Any CPU.ActiveCfg = Release|Any CPU
		{24E394DA-0F7D-48CC-8947-25785F2955EC}.Release|Any CPU.Build.0 = Release|Any CPU
		{9EFE124E-1BF7-4309-A942-EE10594FE490}.Debug|Any CPU.ActiveCfg = Debug|Any CPU
		{9EFE124E-1BF7-4309-A942-EE10594FE490}.Debug|Any CPU.Build.0 = Debug|Any CPU
		{9EFE124E-1BF7-4309-A942-EE10594FE490}.Release|Any CPU.ActiveCfg = Release|Any CPU
		{9EFE124E-1BF7-4309-A942-EE10594FE490}.Release|Any CPU.Build.0 = Release|Any CPU
		{756D7884-8BC4-4B31-8AC6-DCC90DF4A9DB}.Debug|Any CPU.ActiveCfg = Debug|Any CPU
		{756D7884-8BC4-4B31-8AC6-DCC90DF4A9DB}.Debug|Any CPU.Build.0 = Debug|Any CPU
		{756D7884-8BC4-4B31-8AC6-DCC90DF4A9DB}.Release|Any CPU.ActiveCfg = Release|Any CPU
		{756D7884-8BC4-4B31-8AC6-DCC90DF4A9DB}.Release|Any CPU.Build.0 = Release|Any CPU
		{B8E5B6E2-DD59-4005-9C82-E66ADE92A387}.Debug|Any CPU.ActiveCfg = Debug|Any CPU
		{B8E5B6E2-DD59-4005-9C82-E66ADE92A387}.Debug|Any CPU.Build.0 = Debug|Any CPU
		{B8E5B6E2-DD59-4005-9C82-E66ADE92A387}.Release|Any CPU.ActiveCfg = Release|Any CPU
		{B8E5B6E2-DD59-4005-9C82-E66ADE92A387}.Release|Any CPU.Build.0 = Release|Any CPU
		{5B09FD78-BBAE-4280-B6CA-C3C817B604AB}.Debug|Any CPU.ActiveCfg = Debug|Any CPU
		{5B09FD78-BBAE-4280-B6CA-C3C817B604AB}.Debug|Any CPU.Build.0 = Debug|Any CPU
		{5B09FD78-BBAE-4280-B6CA-C3C817B604AB}.Release|Any CPU.ActiveCfg = Release|Any CPU
		{5B09FD78-BBAE-4280-B6CA-C3C817B604AB}.Release|Any CPU.Build.0 = Release|Any CPU
		{A3179205-7FDF-40BF-8C9F-64BC19AB1875}.Debug|Any CPU.ActiveCfg = Debug|Any CPU
		{A3179205-7FDF-40BF-8C9F-64BC19AB1875}.Debug|Any CPU.Build.0 = Debug|Any CPU
		{A3179205-7FDF-40BF-8C9F-64BC19AB1875}.Release|Any CPU.ActiveCfg = Release|Any CPU
		{A3179205-7FDF-40BF-8C9F-64BC19AB1875}.Release|Any CPU.Build.0 = Release|Any CPU
		{35454CFE-58E2-44EF-9B62-7B042377841A}.Debug|Any CPU.ActiveCfg = Debug|Any CPU
		{35454CFE-58E2-44EF-9B62-7B042377841A}.Debug|Any CPU.Build.0 = Debug|Any CPU
		{35454CFE-58E2-44EF-9B62-7B042377841A}.Release|Any CPU.ActiveCfg = Release|Any CPU
		{35454CFE-58E2-44EF-9B62-7B042377841A}.Release|Any CPU.Build.0 = Release|Any CPU
		{D464A32D-A059-4C6D-8F30-9EE3439092C4}.Debug|Any CPU.ActiveCfg = Debug|Any CPU
		{D464A32D-A059-4C6D-8F30-9EE3439092C4}.Debug|Any CPU.Build.0 = Debug|Any CPU
		{D464A32D-A059-4C6D-8F30-9EE3439092C4}.Release|Any CPU.ActiveCfg = Release|Any CPU
		{D464A32D-A059-4C6D-8F30-9EE3439092C4}.Release|Any CPU.Build.0 = Release|Any CPU
		{48264064-3FE0-4738-B708-67D6487A12FD}.Debug|Any CPU.ActiveCfg = Debug|Any CPU
		{48264064-3FE0-4738-B708-67D6487A12FD}.Debug|Any CPU.Build.0 = Debug|Any CPU
		{48264064-3FE0-4738-B708-67D6487A12FD}.Release|Any CPU.ActiveCfg = Release|Any CPU
		{48264064-3FE0-4738-B708-67D6487A12FD}.Release|Any CPU.Build.0 = Release|Any CPU
		{60DB0D04-E8DF-4096-9F94-E365581BE66A}.Debug|Any CPU.ActiveCfg = Debug|Any CPU
		{60DB0D04-E8DF-4096-9F94-E365581BE66A}.Debug|Any CPU.Build.0 = Debug|Any CPU
		{60DB0D04-E8DF-4096-9F94-E365581BE66A}.Release|Any CPU.ActiveCfg = Release|Any CPU
		{60DB0D04-E8DF-4096-9F94-E365581BE66A}.Release|Any CPU.Build.0 = Release|Any CPU
		{66D89000-D8E0-44FB-AE13-E9F813C31A40}.Debug|Any CPU.ActiveCfg = Debug|Any CPU
		{66D89000-D8E0-44FB-AE13-E9F813C31A40}.Debug|Any CPU.Build.0 = Debug|Any CPU
		{66D89000-D8E0-44FB-AE13-E9F813C31A40}.Release|Any CPU.ActiveCfg = Release|Any CPU
		{66D89000-D8E0-44FB-AE13-E9F813C31A40}.Release|Any CPU.Build.0 = Release|Any CPU
		{F89D6C89-0A12-48E8-A76F-DDB1576A589F}.Debug|Any CPU.ActiveCfg = Debug|Any CPU
		{F89D6C89-0A12-48E8-A76F-DDB1576A589F}.Debug|Any CPU.Build.0 = Debug|Any CPU
		{F89D6C89-0A12-48E8-A76F-DDB1576A589F}.Release|Any CPU.ActiveCfg = Release|Any CPU
		{F89D6C89-0A12-48E8-A76F-DDB1576A589F}.Release|Any CPU.Build.0 = Release|Any CPU
		{53AF4FDC-5660-4AA1-AB55-9D34C9DDEE84}.Debug|Any CPU.ActiveCfg = Debug|Any CPU
		{53AF4FDC-5660-4AA1-AB55-9D34C9DDEE84}.Debug|Any CPU.Build.0 = Debug|Any CPU
		{53AF4FDC-5660-4AA1-AB55-9D34C9DDEE84}.Release|Any CPU.ActiveCfg = Release|Any CPU
		{53AF4FDC-5660-4AA1-AB55-9D34C9DDEE84}.Release|Any CPU.Build.0 = Release|Any CPU
		{C5BCA9A9-9BDC-4AA1-B3FB-586B53A8040C}.Debug|Any CPU.ActiveCfg = Debug|Any CPU
		{C5BCA9A9-9BDC-4AA1-B3FB-586B53A8040C}.Debug|Any CPU.Build.0 = Debug|Any CPU
		{C5BCA9A9-9BDC-4AA1-B3FB-586B53A8040C}.Release|Any CPU.ActiveCfg = Release|Any CPU
		{C5BCA9A9-9BDC-4AA1-B3FB-586B53A8040C}.Release|Any CPU.Build.0 = Release|Any CPU
		{90A8D7C1-296F-4B20-8539-0B08FE49B5AF}.Debug|Any CPU.ActiveCfg = Debug|Any CPU
		{90A8D7C1-296F-4B20-8539-0B08FE49B5AF}.Debug|Any CPU.Build.0 = Debug|Any CPU
		{90A8D7C1-296F-4B20-8539-0B08FE49B5AF}.Release|Any CPU.ActiveCfg = Release|Any CPU
		{90A8D7C1-296F-4B20-8539-0B08FE49B5AF}.Release|Any CPU.Build.0 = Release|Any CPU
		{56E7372F-FC76-4CF6-8300-EB869A45F138}.Debug|Any CPU.ActiveCfg = Debug|Any CPU
		{56E7372F-FC76-4CF6-8300-EB869A45F138}.Debug|Any CPU.Build.0 = Debug|Any CPU
		{56E7372F-FC76-4CF6-8300-EB869A45F138}.Release|Any CPU.ActiveCfg = Release|Any CPU
		{56E7372F-FC76-4CF6-8300-EB869A45F138}.Release|Any CPU.Build.0 = Release|Any CPU
		{28129925-DF85-4E50-B5D8-7A7493711987}.Debug|Any CPU.ActiveCfg = Debug|Any CPU
		{28129925-DF85-4E50-B5D8-7A7493711987}.Debug|Any CPU.Build.0 = Debug|Any CPU
		{28129925-DF85-4E50-B5D8-7A7493711987}.Release|Any CPU.ActiveCfg = Release|Any CPU
		{28129925-DF85-4E50-B5D8-7A7493711987}.Release|Any CPU.Build.0 = Release|Any CPU
		{57FA6D8B-018B-4176-8970-F8CAC6B808CF}.Debug|Any CPU.ActiveCfg = Debug|Any CPU
		{57FA6D8B-018B-4176-8970-F8CAC6B808CF}.Debug|Any CPU.Build.0 = Debug|Any CPU
		{57FA6D8B-018B-4176-8970-F8CAC6B808CF}.Release|Any CPU.ActiveCfg = Release|Any CPU
		{57FA6D8B-018B-4176-8970-F8CAC6B808CF}.Release|Any CPU.Build.0 = Release|Any CPU
		{59789625-12B3-4F20-9185-5F1D3C4948F8}.Debug|Any CPU.ActiveCfg = Debug|Any CPU
		{59789625-12B3-4F20-9185-5F1D3C4948F8}.Debug|Any CPU.Build.0 = Debug|Any CPU
		{59789625-12B3-4F20-9185-5F1D3C4948F8}.Release|Any CPU.ActiveCfg = Release|Any CPU
		{59789625-12B3-4F20-9185-5F1D3C4948F8}.Release|Any CPU.Build.0 = Release|Any CPU
		{EA75F24F-4EC4-4B8B-9607-983498DA87A8}.Debug|Any CPU.ActiveCfg = Debug|Any CPU
		{EA75F24F-4EC4-4B8B-9607-983498DA87A8}.Debug|Any CPU.Build.0 = Debug|Any CPU
		{EA75F24F-4EC4-4B8B-9607-983498DA87A8}.Release|Any CPU.ActiveCfg = Release|Any CPU
		{EA75F24F-4EC4-4B8B-9607-983498DA87A8}.Release|Any CPU.Build.0 = Release|Any CPU
		{0B30F3F9-9186-431C-90CC-D67B10318200}.Debug|Any CPU.ActiveCfg = Debug|Any CPU
		{0B30F3F9-9186-431C-90CC-D67B10318200}.Debug|Any CPU.Build.0 = Debug|Any CPU
		{0B30F3F9-9186-431C-90CC-D67B10318200}.Release|Any CPU.ActiveCfg = Release|Any CPU
		{0B30F3F9-9186-431C-90CC-D67B10318200}.Release|Any CPU.Build.0 = Release|Any CPU
		{CA61B430-8D5C-4D19-980A-3F4032B5187B}.Debug|Any CPU.ActiveCfg = Debug|Any CPU
		{CA61B430-8D5C-4D19-980A-3F4032B5187B}.Debug|Any CPU.Build.0 = Debug|Any CPU
		{CA61B430-8D5C-4D19-980A-3F4032B5187B}.Release|Any CPU.ActiveCfg = Release|Any CPU
		{CA61B430-8D5C-4D19-980A-3F4032B5187B}.Release|Any CPU.Build.0 = Release|Any CPU
	EndGlobalSection
	GlobalSection(SolutionProperties) = preSolution
		HideSolutionNode = FALSE
	EndGlobalSection
	GlobalSection(ExtensibilityGlobals) = postSolution
		SolutionGuid = {64B36272-69BD-4757-844F-362A21C3BA08}
	EndGlobalSection
EndGlobal
